
Microsoft Visual Studio Solution File, Format Version 12.00
# Visual Studio Version 17
VisualStudioVersion = 17.4.33110.190
MinimumVisualStudioVersion = 10.0.40219.1
Project("{2150E333-8FDC-42A3-9474-1A3956D46DE8}") = "src", "src", "{39372B6F-5A5E-4FC5-9061-C3479193A221}"
EndProject
Project("{FAE04EC0-301F-11D3-BF4B-00C04F79EFBC}") = "AdventOfCode2022", "AdventOfCode2022\AdventOfCode2022.csproj", "{D20307F3-34AB-4807-9D47-2EE24C36120E}"
EndProject
Project("{2150E333-8FDC-42A3-9474-1A3956D46DE8}") = "tests", "tests", "{4EC591B1-D43C-4B99-A41E-E811A21A53CC}"
EndProject
Project("{FAE04EC0-301F-11D3-BF4B-00C04F79EFBC}") = "AdventOfCode2022.Test", "tests\AdventOfCode2022.Test\AdventOfCode2022.Test.csproj", "{C6CD16AD-3F85-4565-96F2-558C080A535B}"
EndProject
Project("{FAE04EC0-301F-11D3-BF4B-00C04F79EFBC}") = "AdventOfCode2022.Common", "src\AdventOfCode2022.Common\AdventOfCode2022.Common.csproj", "{F4F1FEA1-5E55-4630-A689-C02DEC528B65}"
EndProject
Project("{FAE04EC0-301F-11D3-BF4B-00C04F79EFBC}") = "AdventOfCode2022.Solvers", "src\AdventOfCode2022.Solvers\AdventOfCode2022.Solvers.csproj", "{87AB89A8-C416-44EA-A2C0-D5C4357EE77F}"
EndProject
Global
	GlobalSection(SolutionConfigurationPlatforms) = preSolution
		Debug|Any CPU = Debug|Any CPU
		Release|Any CPU = Release|Any CPU
	EndGlobalSection
	GlobalSection(ProjectConfigurationPlatforms) = postSolution
		{D20307F3-34AB-4807-9D47-2EE24C36120E}.Debug|Any CPU.ActiveCfg = Debug|Any CPU
		{D20307F3-34AB-4807-9D47-2EE24C36120E}.Debug|Any CPU.Build.0 = Debug|Any CPU
		{D20307F3-34AB-4807-9D47-2EE24C36120E}.Release|Any CPU.ActiveCfg = Release|Any CPU
		{D20307F3-34AB-4807-9D47-2EE24C36120E}.Release|Any CPU.Build.0 = Release|Any CPU
		{C6CD16AD-3F85-4565-96F2-558C080A535B}.Debug|Any CPU.ActiveCfg = Debug|Any CPU
		{C6CD16AD-3F85-4565-96F2-558C080A535B}.Debug|Any CPU.Build.0 = Debug|Any CPU
		{C6CD16AD-3F85-4565-96F2-558C080A535B}.Release|Any CPU.ActiveCfg = Release|Any CPU
		{C6CD16AD-3F85-4565-96F2-558C080A535B}.Release|Any CPU.Build.0 = Release|Any CPU
		{F4F1FEA1-5E55-4630-A689-C02DEC528B65}.Debug|Any CPU.ActiveCfg = Debug|Any CPU
		{F4F1FEA1-5E55-4630-A689-C02DEC528B65}.Debug|Any CPU.Build.0 = Debug|Any CPU
		{F4F1FEA1-5E55-4630-A689-C02DEC528B65}.Release|Any CPU.ActiveCfg = Release|Any CPU
		{F4F1FEA1-5E55-4630-A689-C02DEC528B65}.Release|Any CPU.Build.0 = Release|Any CPU
		{87AB89A8-C416-44EA-A2C0-D5C4357EE77F}.Debug|Any CPU.ActiveCfg = Debug|Any CPU
		{87AB89A8-C416-44EA-A2C0-D5C4357EE77F}.Debug|Any CPU.Build.0 = Debug|Any CPU
		{87AB89A8-C416-44EA-A2C0-D5C4357EE77F}.Release|Any CPU.ActiveCfg = Release|Any CPU
		{87AB89A8-C416-44EA-A2C0-D5C4357EE77F}.Release|Any CPU.Build.0 = Release|Any CPU
	EndGlobalSection
	GlobalSection(SolutionProperties) = preSolution
		HideSolutionNode = FALSE
	EndGlobalSection
	GlobalSection(NestedProjects) = preSolution
		{C6CD16AD-3F85-4565-96F2-558C080A535B} = {4EC591B1-D43C-4B99-A41E-E811A21A53CC}
		{F4F1FEA1-5E55-4630-A689-C02DEC528B65} = {39372B6F-5A5E-4FC5-9061-C3479193A221}
		{87AB89A8-C416-44EA-A2C0-D5C4357EE77F} = {39372B6F-5A5E-4FC5-9061-C3479193A221}
	EndGlobalSection
	GlobalSection(ExtensibilityGlobals) = postSolution
		SolutionGuid = {69FF2703-B761-4D8A-8A1D-1C45F7938DD8}
	EndGlobalSection
EndGlobal
